// !$*UTF8*$!
{
	archiveVersion = 1;
	classes = {
	};
	objectVersion = 50;
	objects = {

/* Begin PBXBuildFile section */
		A506D2342318FDCF00E09259 /* AppDelegate.m in Sources */ = {isa = PBXBuildFile; fileRef = A506D2332318FDCF00E09259 /* AppDelegate.m */; };
		A506D2372318FDCF00E09259 /* ViewController.m in Sources */ = {isa = PBXBuildFile; fileRef = A506D2362318FDCF00E09259 /* ViewController.m */; };
		A506D23A2318FDCF00E09259 /* Main.storyboard in Resources */ = {isa = PBXBuildFile; fileRef = A506D2382318FDCF00E09259 /* Main.storyboard */; };
		A506D23C2318FDCF00E09259 /* Assets.xcassets in Resources */ = {isa = PBXBuildFile; fileRef = A506D23B2318FDCF00E09259 /* Assets.xcassets */; };
		A506D23F2318FDCF00E09259 /* LaunchScreen.storyboard in Resources */ = {isa = PBXBuildFile; fileRef = A506D23D2318FDCF00E09259 /* LaunchScreen.storyboard */; };
		A506D2422318FDCF00E09259 /* main.m in Sources */ = {isa = PBXBuildFile; fileRef = A506D2412318FDCF00E09259 /* main.m */; };
		A506D24C2318FDCF00E09259 /* VSTTestTests.m in Sources */ = {isa = PBXBuildFile; fileRef = A506D24B2318FDCF00E09259 /* VSTTestTests.m */; };
		A506D2572318FDCF00E09259 /* VSTTestUITests.m in Sources */ = {isa = PBXBuildFile; fileRef = A506D2562318FDCF00E09259 /* VSTTestUITests.m */; };
		A506D2672319024800E09259 /* Test.m in Sources */ = {isa = PBXBuildFile; fileRef = A506D2662319024800E09259 /* Test.m */; };
/* End PBXBuildFile section */

/* Begin PBXContainerItemProxy section */
		A506D2482318FDCF00E09259 /* PBXContainerItemProxy */ = {
			isa = PBXContainerItemProxy;
			containerPortal = A506D2272318FDCE00E09259 /* Project object */;
			proxyType = 1;
			remoteGlobalIDString = A506D22E2318FDCF00E09259;
			remoteInfo = VSTTest;
		};
		A506D2532318FDCF00E09259 /* PBXContainerItemProxy */ = {
			isa = PBXContainerItemProxy;
			containerPortal = A506D2272318FDCE00E09259 /* Project object */;
			proxyType = 1;
			remoteGlobalIDString = A506D22E2318FDCF00E09259;
			remoteInfo = VSTTest;
		};
/* End PBXContainerItemProxy section */

/* Begin PBXFileReference section */
		A506D22F2318FDCF00E09259 /* VSTTest.app */ = {isa = PBXFileReference; explicitFileType = wrapper.application; includeInIndex = 0; path = VSTTest.app; sourceTree = BUILT_PRODUCTS_DIR; };
		A506D2322318FDCF00E09259 /* AppDelegate.h */ = {isa = PBXFileReference; lastKnownFileType = sourcecode.c.h; path = AppDelegate.h; sourceTree = "<group>"; };
		A506D2332318FDCF00E09259 /* AppDelegate.m */ = {isa = PBXFileReference; lastKnownFileType = sourcecode.c.objc; path = AppDelegate.m; sourceTree = "<group>"; };
		A506D2352318FDCF00E09259 /* ViewController.h */ = {isa = PBXFileReference; lastKnownFileType = sourcecode.c.h; path = ViewController.h; sourceTree = "<group>"; };
		A506D2362318FDCF00E09259 /* ViewController.m */ = {isa = PBXFileReference; lastKnownFileType = sourcecode.c.objc; path = ViewController.m; sourceTree = "<group>"; };
		A506D2392318FDCF00E09259 /* Base */ = {isa = PBXFileReference; lastKnownFileType = file.storyboard; name = Base; path = Base.lproj/Main.storyboard; sourceTree = "<group>"; };
		A506D23B2318FDCF00E09259 /* Assets.xcassets */ = {isa = PBXFileReference; lastKnownFileType = folder.assetcatalog; path = Assets.xcassets; sourceTree = "<group>"; };
		A506D23E2318FDCF00E09259 /* Base */ = {isa = PBXFileReference; lastKnownFileType = file.storyboard; name = Base; path = Base.lproj/LaunchScreen.storyboard; sourceTree = "<group>"; };
		A506D2402318FDCF00E09259 /* Info.plist */ = {isa = PBXFileReference; lastKnownFileType = text.plist.xml; path = Info.plist; sourceTree = "<group>"; };
		A506D2412318FDCF00E09259 /* main.m */ = {isa = PBXFileReference; lastKnownFileType = sourcecode.c.objc; path = main.m; sourceTree = "<group>"; };
		A506D2472318FDCF00E09259 /* VSTTestTests.xctest */ = {isa = PBXFileReference; explicitFileType = wrapper.cfbundle; includeInIndex = 0; path = VSTTestTests.xctest; sourceTree = BUILT_PRODUCTS_DIR; };
		A506D24B2318FDCF00E09259 /* VSTTestTests.m */ = {isa = PBXFileReference; lastKnownFileType = sourcecode.c.objc; path = VSTTestTests.m; sourceTree = "<group>"; };
		A506D24D2318FDCF00E09259 /* Info.plist */ = {isa = PBXFileReference; lastKnownFileType = text.plist.xml; path = Info.plist; sourceTree = "<group>"; };
		A506D2522318FDCF00E09259 /* VSTTestUITests.xctest */ = {isa = PBXFileReference; explicitFileType = wrapper.cfbundle; includeInIndex = 0; path = VSTTestUITests.xctest; sourceTree = BUILT_PRODUCTS_DIR; };
		A506D2562318FDCF00E09259 /* VSTTestUITests.m */ = {isa = PBXFileReference; lastKnownFileType = sourcecode.c.objc; path = VSTTestUITests.m; sourceTree = "<group>"; };
		A506D2582318FDCF00E09259 /* Info.plist */ = {isa = PBXFileReference; lastKnownFileType = text.plist.xml; path = Info.plist; sourceTree = "<group>"; };
		A506D2652319024800E09259 /* Test.h */ = {isa = PBXFileReference; lastKnownFileType = sourcecode.c.h; path = Test.h; sourceTree = "<group>"; };
		A506D2662319024800E09259 /* Test.m */ = {isa = PBXFileReference; lastKnownFileType = sourcecode.c.objc; path = Test.m; sourceTree = "<group>"; };
/* End PBXFileReference section */

/* Begin PBXFrameworksBuildPhase section */
		A506D22C2318FDCF00E09259 /* Frameworks */ = {
			isa = PBXFrameworksBuildPhase;
			buildActionMask = 2147483647;
			files = (
			);
			runOnlyForDeploymentPostprocessing = 0;
		};
		A506D2442318FDCF00E09259 /* Frameworks */ = {
			isa = PBXFrameworksBuildPhase;
			buildActionMask = 2147483647;
			files = (
			);
			runOnlyForDeploymentPostprocessing = 0;
		};
		A506D24F2318FDCF00E09259 /* Frameworks */ = {
			isa = PBXFrameworksBuildPhase;
			buildActionMask = 2147483647;
			files = (
			);
			runOnlyForDeploymentPostprocessing = 0;
		};
/* End PBXFrameworksBuildPhase section */

/* Begin PBXGroup section */
		A506D2262318FDCE00E09259 = {
			isa = PBXGroup;
			children = (
				A506D2312318FDCF00E09259 /* VSTTest */,
				A506D24A2318FDCF00E09259 /* VSTTestTests */,
				A506D2552318FDCF00E09259 /* VSTTestUITests */,
				A506D2302318FDCF00E09259 /* Products */,
			);
			sourceTree = "<group>";
		};
		A506D2302318FDCF00E09259 /* Products */ = {
			isa = PBXGroup;
			children = (
				A506D22F2318FDCF00E09259 /* VSTTest.app */,
				A506D2472318FDCF00E09259 /* VSTTestTests.xctest */,
				A506D2522318FDCF00E09259 /* VSTTestUITests.xctest */,
			);
			name = Products;
			sourceTree = "<group>";
		};
		A506D2312318FDCF00E09259 /* VSTTest */ = {
			isa = PBXGroup;
			children = (
				A506D2642319023A00E09259 /* Source */,
				A506D2322318FDCF00E09259 /* AppDelegate.h */,
				A506D2332318FDCF00E09259 /* AppDelegate.m */,
				A506D2352318FDCF00E09259 /* ViewController.h */,
				A506D2362318FDCF00E09259 /* ViewController.m */,
				A506D2382318FDCF00E09259 /* Main.storyboard */,
				A506D23B2318FDCF00E09259 /* Assets.xcassets */,
				A506D23D2318FDCF00E09259 /* LaunchScreen.storyboard */,
				A506D2402318FDCF00E09259 /* Info.plist */,
				A506D2412318FDCF00E09259 /* main.m */,
			);
			path = VSTTest;
			sourceTree = "<group>";
		};
		A506D24A2318FDCF00E09259 /* VSTTestTests */ = {
			isa = PBXGroup;
			children = (
				A506D24B2318FDCF00E09259 /* VSTTestTests.m */,
				A506D24D2318FDCF00E09259 /* Info.plist */,
			);
			path = VSTTestTests;
			sourceTree = "<group>";
		};
		A506D2552318FDCF00E09259 /* VSTTestUITests */ = {
			isa = PBXGroup;
			children = (
				A506D2562318FDCF00E09259 /* VSTTestUITests.m */,
				A506D2582318FDCF00E09259 /* Info.plist */,
			);
			path = VSTTestUITests;
			sourceTree = "<group>";
		};
		A506D2642319023A00E09259 /* Source */ = {
			isa = PBXGroup;
			children = (
				A506D2652319024800E09259 /* Test.h */,
				A506D2662319024800E09259 /* Test.m */,
			);
			path = Source;
			sourceTree = "<group>";
		};
/* End PBXGroup section */

/* Begin PBXNativeTarget section */
		A506D22E2318FDCF00E09259 /* VSTTest */ = {
			isa = PBXNativeTarget;
			buildConfigurationList = A506D25B2318FDCF00E09259 /* Build configuration list for PBXNativeTarget "VSTTest" */;
			buildPhases = (
				A506D22B2318FDCF00E09259 /* Sources */,
				A506D22C2318FDCF00E09259 /* Frameworks */,
				A506D22D2318FDCF00E09259 /* Resources */,
			);
			buildRules = (
			);
			dependencies = (
			);
			name = VSTTest;
			productName = VSTTest;
			productReference = A506D22F2318FDCF00E09259 /* VSTTest.app */;
			productType = "com.apple.product-type.application";
		};
		A506D2462318FDCF00E09259 /* VSTTestTests */ = {
			isa = PBXNativeTarget;
			buildConfigurationList = A506D25E2318FDCF00E09259 /* Build configuration list for PBXNativeTarget "VSTTestTests" */;
			buildPhases = (
				A506D2432318FDCF00E09259 /* Sources */,
				A506D2442318FDCF00E09259 /* Frameworks */,
				A506D2452318FDCF00E09259 /* Resources */,
			);
			buildRules = (
			);
			dependencies = (
				A506D2492318FDCF00E09259 /* PBXTargetDependency */,
			);
			name = VSTTestTests;
			productName = VSTTestTests;
			productReference = A506D2472318FDCF00E09259 /* VSTTestTests.xctest */;
			productType = "com.apple.product-type.bundle.unit-test";
		};
		A506D2512318FDCF00E09259 /* VSTTestUITests */ = {
			isa = PBXNativeTarget;
			buildConfigurationList = A506D2612318FDCF00E09259 /* Build configuration list for PBXNativeTarget "VSTTestUITests" */;
			buildPhases = (
				A506D24E2318FDCF00E09259 /* Sources */,
				A506D24F2318FDCF00E09259 /* Frameworks */,
				A506D2502318FDCF00E09259 /* Resources */,
			);
			buildRules = (
			);
			dependencies = (
				A506D2542318FDCF00E09259 /* PBXTargetDependency */,
			);
			name = VSTTestUITests;
			productName = VSTTestUITests;
			productReference = A506D2522318FDCF00E09259 /* VSTTestUITests.xctest */;
			productType = "com.apple.product-type.bundle.ui-testing";
		};
/* End PBXNativeTarget section */

/* Begin PBXProject section */
		A506D2272318FDCE00E09259 /* Project object */ = {
			isa = PBXProject;
			attributes = {
				LastUpgradeCheck = 1020;
				ORGANIZATIONNAME = guanqun;
				TargetAttributes = {
					A506D22E2318FDCF00E09259 = {
						CreatedOnToolsVersion = 10.2;
					};
					A506D2462318FDCF00E09259 = {
						CreatedOnToolsVersion = 10.2;
						TestTargetID = A506D22E2318FDCF00E09259;
					};
					A506D2512318FDCF00E09259 = {
						CreatedOnToolsVersion = 10.2;
						TestTargetID = A506D22E2318FDCF00E09259;
					};
				};
			};
			buildConfigurationList = A506D22A2318FDCE00E09259 /* Build configuration list for PBXProject "VSTTest" */;
			compatibilityVersion = "Xcode 9.3";
			developmentRegion = en;
			hasScannedForEncodings = 0;
			knownRegions = (
				en,
				Base,
			);
			mainGroup = A506D2262318FDCE00E09259;
			productRefGroup = A506D2302318FDCF00E09259 /* Products */;
			projectDirPath = "";
			projectRoot = "";
			targets = (
				A506D22E2318FDCF00E09259 /* VSTTest */,
				A506D2462318FDCF00E09259 /* VSTTestTests */,
				A506D2512318FDCF00E09259 /* VSTTestUITests */,
			);
		};
/* End PBXProject section */

/* Begin PBXResourcesBuildPhase section */
		A506D22D2318FDCF00E09259 /* Resources */ = {
			isa = PBXResourcesBuildPhase;
			buildActionMask = 2147483647;
			files = (
				A506D23F2318FDCF00E09259 /* LaunchScreen.storyboard in Resources */,
				A506D23C2318FDCF00E09259 /* Assets.xcassets in Resources */,
				A506D23A2318FDCF00E09259 /* Main.storyboard in Resources */,
			);
			runOnlyForDeploymentPostprocessing = 0;
		};
		A506D2452318FDCF00E09259 /* Resources */ = {
			isa = PBXResourcesBuildPhase;
			buildActionMask = 2147483647;
			files = (
			);
			runOnlyForDeploymentPostprocessing = 0;
		};
		A506D2502318FDCF00E09259 /* Resources */ = {
			isa = PBXResourcesBuildPhase;
			buildActionMask = 2147483647;
			files = (
			);
			runOnlyForDeploymentPostprocessing = 0;
		};
/* End PBXResourcesBuildPhase section */

/* Begin PBXSourcesBuildPhase section */
		A506D22B2318FDCF00E09259 /* Sources */ = {
			isa = PBXSourcesBuildPhase;
			buildActionMask = 2147483647;
			files = (
				A506D2372318FDCF00E09259 /* ViewController.m in Sources */,
				A506D2672319024800E09259 /* Test.m in Sources */,
				A506D2422318FDCF00E09259 /* main.m in Sources */,
				A506D2342318FDCF00E09259 /* AppDelegate.m in Sources */,
			);
			runOnlyForDeploymentPostprocessing = 0;
		};
		A506D2432318FDCF00E09259 /* Sources */ = {
			isa = PBXSourcesBuildPhase;
			buildActionMask = 2147483647;
			files = (
				A506D24C2318FDCF00E09259 /* VSTTestTests.m in Sources */,
			);
			runOnlyForDeploymentPostprocessing = 0;
		};
		A506D24E2318FDCF00E09259 /* Sources */ = {
			isa = PBXSourcesBuildPhase;
			buildActionMask = 2147483647;
			files = (
				A506D2572318FDCF00E09259 /* VSTTestUITests.m in Sources */,
			);
			runOnlyForDeploymentPostprocessing = 0;
		};
/* End PBXSourcesBuildPhase section */

/* Begin PBXTargetDependency section */
		A506D2492318FDCF00E09259 /* PBXTargetDependency */ = {
			isa = PBXTargetDependency;
			target = A506D22E2318FDCF00E09259 /* VSTTest */;
			targetProxy = A506D2482318FDCF00E09259 /* PBXContainerItemProxy */;
		};
		A506D2542318FDCF00E09259 /* PBXTargetDependency */ = {
			isa = PBXTargetDependency;
			target = A506D22E2318FDCF00E09259 /* VSTTest */;
			targetProxy = A506D2532318FDCF00E09259 /* PBXContainerItemProxy */;
		};
/* End PBXTargetDependency section */

/* Begin PBXVariantGroup section */
		A506D2382318FDCF00E09259 /* Main.storyboard */ = {
			isa = PBXVariantGroup;
			children = (
				A506D2392318FDCF00E09259 /* Base */,
			);
			name = Main.storyboard;
			sourceTree = "<group>";
		};
		A506D23D2318FDCF00E09259 /* LaunchScreen.storyboard */ = {
			isa = PBXVariantGroup;
			children = (
				A506D23E2318FDCF00E09259 /* Base */,
			);
			name = LaunchScreen.storyboard;
			sourceTree = "<group>";
		};
/* End PBXVariantGroup section */

/* Begin XCBuildConfiguration section */
		A506D2592318FDCF00E09259 /* Debug */ = {
			isa = XCBuildConfiguration;
			buildSettings = {
				ALWAYS_SEARCH_USER_PATHS = NO;
				CLANG_ANALYZER_NONNULL = YES;
				CLANG_ANALYZER_NUMBER_OBJECT_CONVERSION = YES_AGGRESSIVE;
				CLANG_CXX_LANGUAGE_STANDARD = "gnu++14";
				CLANG_CXX_LIBRARY = "libc++";
				CLANG_ENABLE_MODULES = YES;
				CLANG_ENABLE_OBJC_ARC = YES;
				CLANG_ENABLE_OBJC_WEAK = YES;
				CLANG_WARN_BLOCK_CAPTURE_AUTORELEASING = YES;
				CLANG_WARN_BOOL_CONVERSION = YES;
				CLANG_WARN_COMMA = YES;
				CLANG_WARN_CONSTANT_CONVERSION = YES;
				CLANG_WARN_DEPRECATED_OBJC_IMPLEMENTATIONS = YES;
				CLANG_WARN_DIRECT_OBJC_ISA_USAGE = YES_ERROR;
				CLANG_WARN_DOCUMENTATION_COMMENTS = YES;
				CLANG_WARN_EMPTY_BODY = YES;
				CLANG_WARN_ENUM_CONVERSION = YES;
				CLANG_WARN_INFINITE_RECURSION = YES;
				CLANG_WARN_INT_CONVERSION = YES;
				CLANG_WARN_NON_LITERAL_NULL_CONVERSION = YES;
				CLANG_WARN_OBJC_IMPLICIT_RETAIN_SELF = YES;
				CLANG_WARN_OBJC_LITERAL_CONVERSION = YES;
				CLANG_WARN_OBJC_ROOT_CLASS = YES_ERROR;
				CLANG_WARN_RANGE_LOOP_ANALYSIS = YES;
				CLANG_WARN_STRICT_PROTOTYPES = YES;
				CLANG_WARN_SUSPICIOUS_MOVE = YES;
				CLANG_WARN_UNGUARDED_AVAILABILITY = YES_AGGRESSIVE;
				CLANG_WARN_UNREACHABLE_CODE = YES;
				CLANG_WARN__DUPLICATE_METHOD_MATCH = YES;
				CODE_SIGN_IDENTITY = "iPhone Developer";
				COPY_PHASE_STRIP = NO;
				DEBUG_INFORMATION_FORMAT = dwarf;
				ENABLE_STRICT_OBJC_MSGSEND = YES;
				ENABLE_TESTABILITY = YES;
				GCC_C_LANGUAGE_STANDARD = gnu11;
				GCC_DYNAMIC_NO_PIC = NO;
				GCC_NO_COMMON_BLOCKS = YES;
				GCC_OPTIMIZATION_LEVEL = 0;
				GCC_PREPROCESSOR_DEFINITIONS = (
					"DEBUG=1",
					"$(inherited)",
				);
				GCC_WARN_64_TO_32_BIT_CONVERSION = YES;
				GCC_WARN_ABOUT_RETURN_TYPE = YES_ERROR;
				GCC_WARN_UNDECLARED_SELECTOR = YES;
				GCC_WARN_UNINITIALIZED_AUTOS = YES_AGGRESSIVE;
				GCC_WARN_UNUSED_FUNCTION = YES;
				GCC_WARN_UNUSED_VARIABLE = YES;
				IPHONEOS_DEPLOYMENT_TARGET = 12.2;
				MTL_ENABLE_DEBUG_INFO = INCLUDE_SOURCE;
				MTL_FAST_MATH = YES;
				ONLY_ACTIVE_ARCH = YES;
				SDKROOT = iphoneos;
			};
			name = Debug;
		};
		A506D25A2318FDCF00E09259 /* Release */ = {
			isa = XCBuildConfiguration;
			buildSettings = {
				ALWAYS_SEARCH_USER_PATHS = NO;
				CLANG_ANALYZER_NONNULL = YES;
				CLANG_ANALYZER_NUMBER_OBJECT_CONVERSION = YES_AGGRESSIVE;
				CLANG_CXX_LANGUAGE_STANDARD = "gnu++14";
				CLANG_CXX_LIBRARY = "libc++";
				CLANG_ENABLE_MODULES = YES;
				CLANG_ENABLE_OBJC_ARC = YES;
				CLANG_ENABLE_OBJC_WEAK = YES;
				CLANG_WARN_BLOCK_CAPTURE_AUTORELEASING = YES;
				CLANG_WARN_BOOL_CONVERSION = YES;
				CLANG_WARN_COMMA = YES;
				CLANG_WARN_CONSTANT_CONVERSION = YES;
				CLANG_WARN_DEPRECATED_OBJC_IMPLEMENTATIONS = YES;
				CLANG_WARN_DIRECT_OBJC_ISA_USAGE = YES_ERROR;
				CLANG_WARN_DOCUMENTATION_COMMENTS = YES;
				CLANG_WARN_EMPTY_BODY = YES;
				CLANG_WARN_ENUM_CONVERSION = YES;
				CLANG_WARN_INFINITE_RECURSION = YES;
				CLANG_WARN_INT_CONVERSION = YES;
				CLANG_WARN_NON_LITERAL_NULL_CONVERSION = YES;
				CLANG_WARN_OBJC_IMPLICIT_RETAIN_SELF = YES;
				CLANG_WARN_OBJC_LITERAL_CONVERSION = YES;
				CLANG_WARN_OBJC_ROOT_CLASS = YES_ERROR;
				CLANG_WARN_RANGE_LOOP_ANALYSIS = YES;
				CLANG_WARN_STRICT_PROTOTYPES = YES;
				CLANG_WARN_SUSPICIOUS_MOVE = YES;
				CLANG_WARN_UNGUARDED_AVAILABILITY = YES_AGGRESSIVE;
				CLANG_WARN_UNREACHABLE_CODE = YES;
				CLANG_WARN__DUPLICATE_METHOD_MATCH = YES;
				CODE_SIGN_IDENTITY = "iPhone Developer";
				COPY_PHASE_STRIP = NO;
				DEBUG_INFORMATION_FORMAT = "dwarf-with-dsym";
				ENABLE_NS_ASSERTIONS = NO;
				ENABLE_STRICT_OBJC_MSGSEND = YES;
				GCC_C_LANGUAGE_STANDARD = gnu11;
				GCC_NO_COMMON_BLOCKS = YES;
				GCC_WARN_64_TO_32_BIT_CONVERSION = YES;
				GCC_WARN_ABOUT_RETURN_TYPE = YES_ERROR;
				GCC_WARN_UNDECLARED_SELECTOR = YES;
				GCC_WARN_UNINITIALIZED_AUTOS = YES_AGGRESSIVE;
				GCC_WARN_UNUSED_FUNCTION = YES;
				GCC_WARN_UNUSED_VARIABLE = YES;
				IPHONEOS_DEPLOYMENT_TARGET = 12.2;
				MTL_ENABLE_DEBUG_INFO = NO;
				MTL_FAST_MATH = YES;
				SDKROOT = iphoneos;
				VALIDATE_PRODUCT = YES;
			};
			name = Release;
		};
		A506D25C2318FDCF00E09259 /* Debug */ = {
			isa = XCBuildConfiguration;
			buildSettings = {
				ASSETCATALOG_COMPILER_APPICON_NAME = AppIcon;
				CODE_SIGN_STYLE = Automatic;
				DEVELOPMENT_TEAM = 4P5HC62PN9;
				INFOPLIST_FILE = VSTTest/Info.plist;
				LD_RUNPATH_SEARCH_PATHS = (
					"$(inherited)",
					"@executable_path/Frameworks",
				);
				PRODUCT_BUNDLE_IDENTIFIER = com.banwang.VSTTest;
				PRODUCT_NAME = "$(TARGET_NAME)";
				TARGETED_DEVICE_FAMILY = "1,2";
			};
			name = Debug;
		};
		A506D25D2318FDCF00E09259 /* Release */ = {
			isa = XCBuildConfiguration;
			buildSettings = {
				ASSETCATALOG_COMPILER_APPICON_NAME = AppIcon;
				CODE_SIGN_STYLE = Automatic;
				DEVELOPMENT_TEAM = 4P5HC62PN9;
				INFOPLIST_FILE = VSTTest/Info.plist;
				LD_RUNPATH_SEARCH_PATHS = (
					"$(inherited)",
					"@executable_path/Frameworks",
				);
				PRODUCT_BUNDLE_IDENTIFIER = com.banwang.VSTTest;
				PRODUCT_NAME = "$(TARGET_NAME)";
				TARGETED_DEVICE_FAMILY = "1,2";
			};
			name = Release;
		};
		A506D25F2318FDCF00E09259 /* Debug */ = {
			isa = XCBuildConfiguration;
			buildSettings = {
				BUNDLE_LOADER = "$(TEST_HOST)";
				CODE_SIGN_STYLE = Automatic;
				DEVELOPMENT_TEAM = 4P5HC62PN9;
				INFOPLIST_FILE = VSTTestTests/Info.plist;
				LD_RUNPATH_SEARCH_PATHS = (
					"$(inherited)",
					"@executable_path/Frameworks",
					"@loader_path/Frameworks",
				);
				PRODUCT_BUNDLE_IDENTIFIER = com.banwang.VSTTestTests;
				PRODUCT_NAME = "$(TARGET_NAME)";
				TARGETED_DEVICE_FAMILY = "1,2";
				TEST_HOST = "$(BUILT_PRODUCTS_DIR)/VSTTest.app/VSTTest";
			};
			name = Debug;
		};
		A506D2602318FDCF00E09259 /* Release */ = {
			isa = XCBuildConfiguration;
			buildSettings = {
				BUNDLE_LOADER = "$(TEST_HOST)";
				CODE_SIGN_STYLE = Automatic;
				DEVELOPMENT_TEAM = 4P5HC62PN9;
				INFOPLIST_FILE = VSTTestTests/Info.plist;
				LD_RUNPATH_SEARCH_PATHS = (
					"$(inherited)",
					"@executable_path/Frameworks",
					"@loader_path/Frameworks",
				);
				PRODUCT_BUNDLE_IDENTIFIER = com.banwang.VSTTestTests;
				PRODUCT_NAME = "$(TARGET_NAME)";
				TARGETED_DEVICE_FAMILY = "1,2";
				TEST_HOST = "$(BUILT_PRODUCTS_DIR)/VSTTest.app/VSTTest";
			};
			name = Release;
		};
		A506D2622318FDCF00E09259 /* Debug */ = {
			isa = XCBuildConfiguration;
			buildSettings = {
				CODE_SIGN_STYLE = Automatic;
				DEVELOPMENT_TEAM = 4P5HC62PN9;
				INFOPLIST_FILE = VSTTestUITests/Info.plist;
				LD_RUNPATH_SEARCH_PATHS = (
					"$(inherited)",
					"@executable_path/Frameworks",
					"@loader_path/Frameworks",
				);
				PRODUCT_BUNDLE_IDENTIFIER = com.banwang.VSTTestUITests;
				PRODUCT_NAME = "$(TARGET_NAME)";
				TARGETED_DEVICE_FAMILY = "1,2";
				TEST_TARGET_NAME = VSTTest;
			};
			name = Debug;
		};
		A506D2632318FDCF00E09259 /* Release */ = {
			isa = XCBuildConfiguration;
			buildSettings = {
				CODE_SIGN_STYLE = Automatic;
				DEVELOPMENT_TEAM = 4P5HC62PN9;
				INFOPLIST_FILE = VSTTestUITests/Info.plist;
				LD_RUNPATH_SEARCH_PATHS = (
					"$(inherited)",
					"@executable_path/Frameworks",
					"@loader_path/Frameworks",
				);
				PRODUCT_BUNDLE_IDENTIFIER = com.banwang.VSTTestUITests;
				PRODUCT_NAME = "$(TARGET_NAME)";
				TARGETED_DEVICE_FAMILY = "1,2";
				TEST_TARGET_NAME = VSTTest;
			};
			name = Release;
		};
/* End XCBuildConfiguration section */

/* Begin XCConfigurationList section */
		A506D22A2318FDCE00E09259 /* Build configuration list for PBXProject "VSTTest" */ = {
			isa = XCConfigurationList;
			buildConfigurations = (
				A506D2592318FDCF00E09259 /* Debug */,
				A506D25A2318FDCF00E09259 /* Release */,
			);
			defaultConfigurationIsVisible = 0;
			defaultConfigurationName = Release;
		};
		A506D25B2318FDCF00E09259 /* Build configuration list for PBXNativeTarget "VSTTest" */ = {
			isa = XCConfigurationList;
			buildConfigurations = (
				A506D25C2318FDCF00E09259 /* Debug */,
				A506D25D2318FDCF00E09259 /* Release */,
			);
			defaultConfigurationIsVisible = 0;
			defaultConfigurationName = Release;
		};
		A506D25E2318FDCF00E09259 /* Build configuration list for PBXNativeTarget "VSTTestTests" */ = {
			isa = XCConfigurationList;
			buildConfigurations = (
				A506D25F2318FDCF00E09259 /* Debug */,
				A506D2602318FDCF00E09259 /* Release */,
			);
			defaultConfigurationIsVisible = 0;
			defaultConfigurationName = Release;
		};
		A506D2612318FDCF00E09259 /* Build configuration list for PBXNativeTarget "VSTTestUITests" */ = {
			isa = XCConfigurationList;
			buildConfigurations = (
				A506D2622318FDCF00E09259 /* Debug */,
				A506D2632318FDCF00E09259 /* Release */,
			);
			defaultConfigurationIsVisible = 0;
			defaultConfigurationName = Release;
		};
/* End XCConfigurationList section */
	};
	rootObject = A506D2272318FDCE00E09259 /* Project object */;
}
